
Microsoft Visual Studio Solution File, Format Version 12.00
# Visual Studio Version 17
VisualStudioVersion = 17.7.34024.191
MinimumVisualStudioVersion = 10.0.40219.1
Project("{FAE04EC0-301F-11D3-BF4B-00C04F79EFBC}") = "EffettuaOrdine", "EffettuaOrdine\EffettuaOrdine.csproj", "{9AC20674-FDBB-4FF0-9AC2-0CB1C27066C4}"
EndProject
Global
	GlobalSection(SolutionConfigurationPlatforms) = preSolution
		Debug|Any CPU = Debug|Any CPU
		Release|Any CPU = Release|Any CPU
	EndGlobalSection
	GlobalSection(ProjectConfigurationPlatforms) = postSolution
		{9AC20674-FDBB-4FF0-9AC2-0CB1C27066C4}.Debug|Any CPU.ActiveCfg = Debug|Any CPU
		{9AC20674-FDBB-4FF0-9AC2-0CB1C27066C4}.Debug|Any CPU.Build.0 = Debug|Any CPU
		{9AC20674-FDBB-4FF0-9AC2-0CB1C27066C4}.Release|Any CPU.ActiveCfg = Release|Any CPU
		{9AC20674-FDBB-4FF0-9AC2-0CB1C27066C4}.Release|Any CPU.Build.0 = Release|Any CPU
	EndGlobalSection
	GlobalSection(SolutionProperties) = preSolution
		HideSolutionNode = FALSE
	EndGlobalSection
	GlobalSection(ExtensibilityGlobals) = postSolution
		SolutionGuid = {D23A486D-D033-4B99-9385-B06DF57DC9C1}
	EndGlobalSection
EndGlobal
